{
  "name": "Wiki",
  "version": "1.0.0",
  "lockfileVersion": 1,
  "requires": true,
  "dependencies": {
    "@primer/css": {
      "version": "13.0.0",
      "resolved": "https://registry.npmjs.org/@primer/css/-/css-13.0.0.tgz",
      "integrity": "sha512-zagnBNBuHNb+4FMUlewW2NRiY/sk1k6/f3Tyu4tMQj0dogPzixpBJQi1oL1Ismm/5+eTUJr8pVFrIemsCtU3LQ==",
      "requires": {
        "@primer/octicons": "^9.1.1"
      }
    },
    "@primer/octicons": {
      "version": "9.1.1",
      "resolved": "https://registry.npmjs.org/@primer/octicons/-/octicons-9.1.1.tgz",
      "integrity": "sha512-7EGM0+Kx39bIgaYr9bTCzFvBCxm+fqh/YJIoSns8zfCwss32ZJ2GDP3024UH709VQtM5cKFU4JcIYPHyGdSfIg==",
      "requires": {
        "object-assign": "^4.1.1"
      }
    },
    "object-assign": {
      "version": "4.1.1",
      "resolved": "https://registry.npmjs.org/object-assign/-/object-assign-4.1.1.tgz",
      "integrity": "sha1-IQmtx5ZYh8/AXLvUQsrIv7s2CGM="
    },
    "spectre.css": {
      "version": "0.5.8",
      "resolved": "https://registry.npmjs.org/spectre.css/-/spectre.css-0.5.8.tgz",
      "integrity": "sha512-3N4WocWY+Dl6b3e5v3nsZYyp+VSDcBfGDzyyHw/H78ie9BoAhHkxmrhLxo9y8RadxYzVrPjfPdlev3hXEUzR2w=="
    }
  }
}
